{
  "requires": true,
  "lockfileVersion": 1,
  "dependencies": {
    "tslint-config-prettier": {
      "version": "1.8.0",
      "resolved": "https://registry.npmjs.org/tslint-config-prettier/-/tslint-config-prettier-1.8.0.tgz",
      "integrity": "sha512-4e8G6Q3bSnmKNd9zteu5DchUPcXGp+rmV4UbdMW0zwcX8nSFzfoSseyRwnyvkfPJ+gttZy7xGHecJVfD/oPRQQ==",
      "dev": true
    }
  }
}
